
Microsoft Visual Studio Solution File, Format Version 12.00
# Visual Studio Version 16
VisualStudioVersion = 16.0.30114.128
MinimumVisualStudioVersion = 10.0.40219.1
Project("{FAE04EC0-301F-11D3-BF4B-00C04F79EFBC}") = "ChuckNorrisBlazor.Server", "ChuckNorrisBlazor\Server\ChuckNorrisBlazor.Server.csproj", "{C1778B44-72E6-4762-98A6-984C19A79560}"
EndProject
Project("{FAE04EC0-301F-11D3-BF4B-00C04F79EFBC}") = "ChuckNorrisBlazor.Client", "ChuckNorrisBlazor\Client\ChuckNorrisBlazor.Client.csproj", "{7A66DA14-460B-4710-AE04-FFF909A4DE04}"
EndProject
Project("{FAE04EC0-301F-11D3-BF4B-00C04F79EFBC}") = "ChuckNorrisBlazor.Shared", "ChuckNorrisBlazor\Shared\ChuckNorrisBlazor.Shared.csproj", "{AEB59C4C-E75C-4DF0-B214-C829FAF7795D}"
EndProject
Global
	GlobalSection(SolutionConfigurationPlatforms) = preSolution
		Debug|Any CPU = Debug|Any CPU
		Release|Any CPU = Release|Any CPU
	EndGlobalSection
	GlobalSection(ProjectConfigurationPlatforms) = postSolution
		{C1778B44-72E6-4762-98A6-984C19A79560}.Debug|Any CPU.ActiveCfg = Debug|Any CPU
		{C1778B44-72E6-4762-98A6-984C19A79560}.Debug|Any CPU.Build.0 = Debug|Any CPU
		{C1778B44-72E6-4762-98A6-984C19A79560}.Release|Any CPU.ActiveCfg = Release|Any CPU
		{C1778B44-72E6-4762-98A6-984C19A79560}.Release|Any CPU.Build.0 = Release|Any CPU
		{7A66DA14-460B-4710-AE04-FFF909A4DE04}.Debug|Any CPU.ActiveCfg = Debug|Any CPU
		{7A66DA14-460B-4710-AE04-FFF909A4DE04}.Debug|Any CPU.Build.0 = Debug|Any CPU
		{7A66DA14-460B-4710-AE04-FFF909A4DE04}.Release|Any CPU.ActiveCfg = Release|Any CPU
		{7A66DA14-460B-4710-AE04-FFF909A4DE04}.Release|Any CPU.Build.0 = Release|Any CPU
		{AEB59C4C-E75C-4DF0-B214-C829FAF7795D}.Debug|Any CPU.ActiveCfg = Debug|Any CPU
		{AEB59C4C-E75C-4DF0-B214-C829FAF7795D}.Debug|Any CPU.Build.0 = Debug|Any CPU
		{AEB59C4C-E75C-4DF0-B214-C829FAF7795D}.Release|Any CPU.ActiveCfg = Release|Any CPU
		{AEB59C4C-E75C-4DF0-B214-C829FAF7795D}.Release|Any CPU.Build.0 = Release|Any CPU
	EndGlobalSection
	GlobalSection(SolutionProperties) = preSolution
		HideSolutionNode = FALSE
	EndGlobalSection
	GlobalSection(ExtensibilityGlobals) = postSolution
		SolutionGuid = {2AD98266-B3AB-4D71-9B97-43A40AD2EC7F}
	EndGlobalSection
EndGlobal
